
Microsoft Visual Studio Solution File, Format Version 12.00
# Visual Studio 15
VisualStudioVersion = 15.0.26124.0
MinimumVisualStudioVersion = 15.0.26124.0
Project("{FAE04EC0-301F-11D3-BF4B-00C04F79EFBC}") = "api", "api\api.csproj", "{8153C97F-6EAD-43B2-9D1B-BC8FCA9AC74D}"
EndProject
Project("{2150E333-8FDC-42A3-9474-1A3956D46DE8}") = "test", "test", "{53F434DA-1940-404C-972B-6242AD7EC254}"
EndProject
Project("{FAE04EC0-301F-11D3-BF4B-00C04F79EFBC}") = "apiTest", "test\apiTest\apiTest.csproj", "{E4F8E02E-7F46-41AA-B99C-FC9A143A383D}"
EndProject
Project("{FAE04EC0-301F-11D3-BF4B-00C04F79EFBC}") = "wellsFargoAdapter", "wellsFargoAdapter\wellsFargoAdapter.csproj", "{81A00307-CDD8-4396-965E-2A30A47BC79B}"
EndProject
Project("{FAE04EC0-301F-11D3-BF4B-00C04F79EFBC}") = "csvData", "csvData\csvData.csproj", "{E2DDCC98-4ADF-4C88-8785-D1FF860F5FCC}"
EndProject
Project("{FAE04EC0-301F-11D3-BF4B-00C04F79EFBC}") = "integrationTest", "test\integrationTest\integrationTest.csproj", "{98CFB354-43E6-4D22-B79B-E08D265BC25B}"
EndProject
Project("{FAE04EC0-301F-11D3-BF4B-00C04F79EFBC}") = "consoleApp", "consoleApp\consoleApp.csproj", "{55D4BFBD-ADA4-4E7B-A696-A213AE8394F5}"
EndProject
Project("{FAE04EC0-301F-11D3-BF4B-00C04F79EFBC}") = "webApi", "webApi\webApi.csproj", "{800C2C4C-5255-43F1-963B-3BC9E8DAF69D}"
EndProject
Global
	GlobalSection(SolutionConfigurationPlatforms) = preSolution
		Debug|Any CPU = Debug|Any CPU
		Debug|x64 = Debug|x64
		Debug|x86 = Debug|x86
		Release|Any CPU = Release|Any CPU
		Release|x64 = Release|x64
		Release|x86 = Release|x86
	EndGlobalSection
	GlobalSection(SolutionProperties) = preSolution
		HideSolutionNode = FALSE
	EndGlobalSection
	GlobalSection(ProjectConfigurationPlatforms) = postSolution
		{8153C97F-6EAD-43B2-9D1B-BC8FCA9AC74D}.Debug|Any CPU.ActiveCfg = Debug|Any CPU
		{8153C97F-6EAD-43B2-9D1B-BC8FCA9AC74D}.Debug|Any CPU.Build.0 = Debug|Any CPU
		{8153C97F-6EAD-43B2-9D1B-BC8FCA9AC74D}.Debug|x64.ActiveCfg = Debug|Any CPU
		{8153C97F-6EAD-43B2-9D1B-BC8FCA9AC74D}.Debug|x64.Build.0 = Debug|Any CPU
		{8153C97F-6EAD-43B2-9D1B-BC8FCA9AC74D}.Debug|x86.ActiveCfg = Debug|Any CPU
		{8153C97F-6EAD-43B2-9D1B-BC8FCA9AC74D}.Debug|x86.Build.0 = Debug|Any CPU
		{8153C97F-6EAD-43B2-9D1B-BC8FCA9AC74D}.Release|Any CPU.ActiveCfg = Release|Any CPU
		{8153C97F-6EAD-43B2-9D1B-BC8FCA9AC74D}.Release|Any CPU.Build.0 = Release|Any CPU
		{8153C97F-6EAD-43B2-9D1B-BC8FCA9AC74D}.Release|x64.ActiveCfg = Release|Any CPU
		{8153C97F-6EAD-43B2-9D1B-BC8FCA9AC74D}.Release|x64.Build.0 = Release|Any CPU
		{8153C97F-6EAD-43B2-9D1B-BC8FCA9AC74D}.Release|x86.ActiveCfg = Release|Any CPU
		{8153C97F-6EAD-43B2-9D1B-BC8FCA9AC74D}.Release|x86.Build.0 = Release|Any CPU
		{E4F8E02E-7F46-41AA-B99C-FC9A143A383D}.Debug|Any CPU.ActiveCfg = Debug|Any CPU
		{E4F8E02E-7F46-41AA-B99C-FC9A143A383D}.Debug|Any CPU.Build.0 = Debug|Any CPU
		{E4F8E02E-7F46-41AA-B99C-FC9A143A383D}.Debug|x64.ActiveCfg = Debug|Any CPU
		{E4F8E02E-7F46-41AA-B99C-FC9A143A383D}.Debug|x64.Build.0 = Debug|Any CPU
		{E4F8E02E-7F46-41AA-B99C-FC9A143A383D}.Debug|x86.ActiveCfg = Debug|Any CPU
		{E4F8E02E-7F46-41AA-B99C-FC9A143A383D}.Debug|x86.Build.0 = Debug|Any CPU
		{E4F8E02E-7F46-41AA-B99C-FC9A143A383D}.Release|Any CPU.ActiveCfg = Release|Any CPU
		{E4F8E02E-7F46-41AA-B99C-FC9A143A383D}.Release|Any CPU.Build.0 = Release|Any CPU
		{E4F8E02E-7F46-41AA-B99C-FC9A143A383D}.Release|x64.ActiveCfg = Release|Any CPU
		{E4F8E02E-7F46-41AA-B99C-FC9A143A383D}.Release|x64.Build.0 = Release|Any CPU
		{E4F8E02E-7F46-41AA-B99C-FC9A143A383D}.Release|x86.ActiveCfg = Release|Any CPU
		{E4F8E02E-7F46-41AA-B99C-FC9A143A383D}.Release|x86.Build.0 = Release|Any CPU
		{81A00307-CDD8-4396-965E-2A30A47BC79B}.Debug|Any CPU.ActiveCfg = Debug|Any CPU
		{81A00307-CDD8-4396-965E-2A30A47BC79B}.Debug|Any CPU.Build.0 = Debug|Any CPU
		{81A00307-CDD8-4396-965E-2A30A47BC79B}.Debug|x64.ActiveCfg = Debug|Any CPU
		{81A00307-CDD8-4396-965E-2A30A47BC79B}.Debug|x64.Build.0 = Debug|Any CPU
		{81A00307-CDD8-4396-965E-2A30A47BC79B}.Debug|x86.ActiveCfg = Debug|Any CPU
		{81A00307-CDD8-4396-965E-2A30A47BC79B}.Debug|x86.Build.0 = Debug|Any CPU
		{81A00307-CDD8-4396-965E-2A30A47BC79B}.Release|Any CPU.ActiveCfg = Release|Any CPU
		{81A00307-CDD8-4396-965E-2A30A47BC79B}.Release|Any CPU.Build.0 = Release|Any CPU
		{81A00307-CDD8-4396-965E-2A30A47BC79B}.Release|x64.ActiveCfg = Release|Any CPU
		{81A00307-CDD8-4396-965E-2A30A47BC79B}.Release|x64.Build.0 = Release|Any CPU
		{81A00307-CDD8-4396-965E-2A30A47BC79B}.Release|x86.ActiveCfg = Release|Any CPU
		{81A00307-CDD8-4396-965E-2A30A47BC79B}.Release|x86.Build.0 = Release|Any CPU
		{E2DDCC98-4ADF-4C88-8785-D1FF860F5FCC}.Debug|Any CPU.ActiveCfg = Debug|Any CPU
		{E2DDCC98-4ADF-4C88-8785-D1FF860F5FCC}.Debug|Any CPU.Build.0 = Debug|Any CPU
		{E2DDCC98-4ADF-4C88-8785-D1FF860F5FCC}.Debug|x64.ActiveCfg = Debug|Any CPU
		{E2DDCC98-4ADF-4C88-8785-D1FF860F5FCC}.Debug|x64.Build.0 = Debug|Any CPU
		{E2DDCC98-4ADF-4C88-8785-D1FF860F5FCC}.Debug|x86.ActiveCfg = Debug|Any CPU
		{E2DDCC98-4ADF-4C88-8785-D1FF860F5FCC}.Debug|x86.Build.0 = Debug|Any CPU
		{E2DDCC98-4ADF-4C88-8785-D1FF860F5FCC}.Release|Any CPU.ActiveCfg = Release|Any CPU
		{E2DDCC98-4ADF-4C88-8785-D1FF860F5FCC}.Release|Any CPU.Build.0 = Release|Any CPU
		{E2DDCC98-4ADF-4C88-8785-D1FF860F5FCC}.Release|x64.ActiveCfg = Release|Any CPU
		{E2DDCC98-4ADF-4C88-8785-D1FF860F5FCC}.Release|x64.Build.0 = Release|Any CPU
		{E2DDCC98-4ADF-4C88-8785-D1FF860F5FCC}.Release|x86.ActiveCfg = Release|Any CPU
		{E2DDCC98-4ADF-4C88-8785-D1FF860F5FCC}.Release|x86.Build.0 = Release|Any CPU
		{98CFB354-43E6-4D22-B79B-E08D265BC25B}.Debug|Any CPU.ActiveCfg = Debug|Any CPU
		{98CFB354-43E6-4D22-B79B-E08D265BC25B}.Debug|Any CPU.Build.0 = Debug|Any CPU
		{98CFB354-43E6-4D22-B79B-E08D265BC25B}.Debug|x64.ActiveCfg = Debug|Any CPU
		{98CFB354-43E6-4D22-B79B-E08D265BC25B}.Debug|x64.Build.0 = Debug|Any CPU
		{98CFB354-43E6-4D22-B79B-E08D265BC25B}.Debug|x86.ActiveCfg = Debug|Any CPU
		{98CFB354-43E6-4D22-B79B-E08D265BC25B}.Debug|x86.Build.0 = Debug|Any CPU
		{98CFB354-43E6-4D22-B79B-E08D265BC25B}.Release|Any CPU.ActiveCfg = Release|Any CPU
		{98CFB354-43E6-4D22-B79B-E08D265BC25B}.Release|Any CPU.Build.0 = Release|Any CPU
		{98CFB354-43E6-4D22-B79B-E08D265BC25B}.Release|x64.ActiveCfg = Release|Any CPU
		{98CFB354-43E6-4D22-B79B-E08D265BC25B}.Release|x64.Build.0 = Release|Any CPU
		{98CFB354-43E6-4D22-B79B-E08D265BC25B}.Release|x86.ActiveCfg = Release|Any CPU
		{98CFB354-43E6-4D22-B79B-E08D265BC25B}.Release|x86.Build.0 = Release|Any CPU
		{55D4BFBD-ADA4-4E7B-A696-A213AE8394F5}.Debug|Any CPU.ActiveCfg = Debug|Any CPU
		{55D4BFBD-ADA4-4E7B-A696-A213AE8394F5}.Debug|Any CPU.Build.0 = Debug|Any CPU
		{55D4BFBD-ADA4-4E7B-A696-A213AE8394F5}.Debug|x64.ActiveCfg = Debug|Any CPU
		{55D4BFBD-ADA4-4E7B-A696-A213AE8394F5}.Debug|x64.Build.0 = Debug|Any CPU
		{55D4BFBD-ADA4-4E7B-A696-A213AE8394F5}.Debug|x86.ActiveCfg = Debug|Any CPU
		{55D4BFBD-ADA4-4E7B-A696-A213AE8394F5}.Debug|x86.Build.0 = Debug|Any CPU
		{55D4BFBD-ADA4-4E7B-A696-A213AE8394F5}.Release|Any CPU.ActiveCfg = Release|Any CPU
		{55D4BFBD-ADA4-4E7B-A696-A213AE8394F5}.Release|Any CPU.Build.0 = Release|Any CPU
		{55D4BFBD-ADA4-4E7B-A696-A213AE8394F5}.Release|x64.ActiveCfg = Release|Any CPU
		{55D4BFBD-ADA4-4E7B-A696-A213AE8394F5}.Release|x64.Build.0 = Release|Any CPU
		{55D4BFBD-ADA4-4E7B-A696-A213AE8394F5}.Release|x86.ActiveCfg = Release|Any CPU
		{55D4BFBD-ADA4-4E7B-A696-A213AE8394F5}.Release|x86.Build.0 = Release|Any CPU
		{800C2C4C-5255-43F1-963B-3BC9E8DAF69D}.Debug|Any CPU.ActiveCfg = Debug|Any CPU
		{800C2C4C-5255-43F1-963B-3BC9E8DAF69D}.Debug|Any CPU.Build.0 = Debug|Any CPU
		{800C2C4C-5255-43F1-963B-3BC9E8DAF69D}.Debug|x64.ActiveCfg = Debug|Any CPU
		{800C2C4C-5255-43F1-963B-3BC9E8DAF69D}.Debug|x64.Build.0 = Debug|Any CPU
		{800C2C4C-5255-43F1-963B-3BC9E8DAF69D}.Debug|x86.ActiveCfg = Debug|Any CPU
		{800C2C4C-5255-43F1-963B-3BC9E8DAF69D}.Debug|x86.Build.0 = Debug|Any CPU
		{800C2C4C-5255-43F1-963B-3BC9E8DAF69D}.Release|Any CPU.ActiveCfg = Release|Any CPU
		{800C2C4C-5255-43F1-963B-3BC9E8DAF69D}.Release|Any CPU.Build.0 = Release|Any CPU
		{800C2C4C-5255-43F1-963B-3BC9E8DAF69D}.Release|x64.ActiveCfg = Release|Any CPU
		{800C2C4C-5255-43F1-963B-3BC9E8DAF69D}.Release|x64.Build.0 = Release|Any CPU
		{800C2C4C-5255-43F1-963B-3BC9E8DAF69D}.Release|x86.ActiveCfg = Release|Any CPU
		{800C2C4C-5255-43F1-963B-3BC9E8DAF69D}.Release|x86.Build.0 = Release|Any CPU
	EndGlobalSection
	GlobalSection(NestedProjects) = preSolution
		{E4F8E02E-7F46-41AA-B99C-FC9A143A383D} = {53F434DA-1940-404C-972B-6242AD7EC254}
		{98CFB354-43E6-4D22-B79B-E08D265BC25B} = {53F434DA-1940-404C-972B-6242AD7EC254}
	EndGlobalSection
EndGlobal
